{
  "name": "simple-git",
  "lockfileVersion": 3,
  "requires": true,
  "packages": {
    "": {
      "name": "simple-git",
      "dependencies": {
        "@napi-rs/simple-git": "0.1.19"
      }
    },
    "node_modules/@napi-rs/simple-git": {
      "version": "0.1.19",
      "resolved": "https://registry.npmjs.org/@napi-rs/simple-git/-/simple-git-0.1.19.tgz",
      "integrity": "sha512-jMxvwzkKzd3cXo2EB9GM2ic0eYo2rP/BS6gJt6HnWbsDO1O8GSD4k7o2Cpr2YERtMpGF/MGcDfsfj2EbQPtrXw==",
      "license": "MIT",
      "engines": {
        "node": ">= 10"
      },
      "optionalDependencies": {
        "@napi-rs/simple-git-android-arm-eabi": "0.1.19",
        "@napi-rs/simple-git-android-arm64": "0.1.19",
        "@napi-rs/simple-git-darwin-arm64": "0.1.19",
        "@napi-rs/simple-git-darwin-x64": "0.1.19",
        "@napi-rs/simple-git-freebsd-x64": "0.1.19",
        "@napi-rs/simple-git-linux-arm-gnueabihf": "0.1.19",
        "@napi-rs/simple-git-linux-arm64-gnu": "0.1.19",
        "@napi-rs/simple-git-linux-arm64-musl": "0.1.19",
        "@napi-rs/simple-git-linux-powerpc64le-gnu": "0.1.19",
        "@napi-rs/simple-git-linux-s390x-gnu": "0.1.19",
        "@napi-rs/simple-git-linux-x64-gnu": "0.1.19",
        "@napi-rs/simple-git-linux-x64-musl": "0.1.19",
        "@napi-rs/simple-git-win32-arm64-msvc": "0.1.19",
        "@napi-rs/simple-git-win32-x64-msvc": "0.1.19"
      }
    },
    "node_modules/@napi-rs/simple-git-android-arm-eabi": {
      "version": "0.1.19",
      "resolved": "https://registry.npmjs.org/@napi-rs/simple-git-android-arm-eabi/-/simple-git-android-arm-eabi-0.1.19.tgz",
      "integrity": "sha512-XryEH/hadZ4Duk/HS/HC/cA1j0RHmqUGey3MsCf65ZS0VrWMqChXM/xlTPWuY5jfCc/rPubHaqI7DZlbexnX/g==",
      "cpu": [
        "arm"
      ],
      "license": "MIT",
      "optional": true,
      "os": [
        "android"
      ],
      "engines": {
        "node": ">= 10"
      }
    },
    "node_modules/@napi-rs/simple-git-android-arm64": {
      "version": "0.1.19",
      "resolved": "https://registry.npmjs.org/@napi-rs/simple-git-android-arm64/-/simple-git-android-arm64-0.1.19.tgz",
      "integrity": "sha512-ZQ0cPvY6nV9p7zrR9ZPo7hQBkDAcY/CHj3BjYNhykeUCiSNCrhvwX+WEeg5on8M1j4d5jcI/cwVG2FslfiByUg==",
      "cpu": [
        "arm64"
      ],
      "license": "MIT",
      "optional": true,
      "os": [
        "android"
      ],
      "engines": {
        "node": ">= 10"
      }
    },
    "node_modules/@napi-rs/simple-git-darwin-arm64": {
      "version": "0.1.19",
      "resolved": "https://registry.npmjs.org/@napi-rs/simple-git-darwin-arm64/-/simple-git-darwin-arm64-0.1.19.tgz",
      "integrity": "sha512-viZB5TYgjA1vH+QluhxZo0WKro3xBA+1xSzYx8mcxUMO5gnAoUMwXn0ZO/6Zy6pai+aGae+cj6XihGnrBRu3Pg==",
      "cpu": [
        "arm64"
      ],
      "license": "MIT",
      "optional": true,
      "os": [
        "darwin"
      ],
      "engines": {
        "node": ">= 10"
      }
    },
    "node_modules/@napi-rs/simple-git-darwin-x64": {
      "version": "0.1.19",
      "resolved": "https://registry.npmjs.org/@napi-rs/simple-git-darwin-x64/-/simple-git-darwin-x64-0.1.19.tgz",
      "integrity": "sha512-6dNkzSNUV5X9rsVYQbpZLyJu4Gtkl2vNJ3abBXHX/Etk0ILG5ZasO3ncznIANZQpqcbn/QPHr49J2QYAXGoKJA==",
      "cpu": [
        "x64"
      ],
      "license": "MIT",
      "optional": true,
      "os": [
        "darwin"
      ],
      "engines": {
        "node": ">= 10"
      }
    },
    "node_modules/@napi-rs/simple-git-freebsd-x64": {
      "version": "0.1.19",
      "resolved": "https://registry.npmjs.org/@napi-rs/simple-git-freebsd-x64/-/simple-git-freebsd-x64-0.1.19.tgz",
      "integrity": "sha512-sB9krVIchzd20FjI2ZZ8FDsTSsXLBdnwJ6CpeVyrhXHnoszfcqxt49ocZHujAS9lMpXq7i2Nv1EXJmCy4KdhwA==",
      "cpu": [
        "x64"
      ],
      "license": "MIT",
      "optional": true,
      "os": [
        "freebsd"
      ],
      "engines": {
        "node": ">= 10"
      }
    },
    "node_modules/@napi-rs/simple-git-linux-arm-gnueabihf": {
      "version": "0.1.19",
      "resolved": "https://registry.npmjs.org/@napi-rs/simple-git-linux-arm-gnueabihf/-/simple-git-linux-arm-gnueabihf-0.1.19.tgz",
      "integrity": "sha512-6HPn09lr9N1n5/XKfP8Np53g4fEXVxOFqNkS6rTH3Rm1lZHdazTRH62RggXLTguZwjcE+MvOLvoTIoR5kAS8+g==",
      "cpu": [
        "arm"
      ],
      "license": "MIT",
      "optional": true,
      "os": [
        "linux"
      ],
      "engines": {
        "node": ">= 10"
      }
    },
    "node_modules/@napi-rs/simple-git-linux-arm64-gnu": {
      "version": "0.1.19",
      "resolved": "https://registry.npmjs.org/@napi-rs/simple-git-linux-arm64-gnu/-/simple-git-linux-arm64-gnu-0.1.19.tgz",
      "integrity": "sha512-G0gISckt4cVDp3oh5Z6PV3GHJrJO6Z8bIS+9xA7vTtKdqB1i5y0n3cSFLlzQciLzhr+CajFD27doW4lEyErQ/Q==",
      "cpu": [
        "arm64"
      ],
      "license": "MIT",
      "optional": true,
      "os": [
        "linux"
      ],
      "engines": {
        "node": ">= 10"
      }
    },
    "node_modules/@napi-rs/simple-git-linux-arm64-musl": {
      "version": "0.1.19",
      "resolved": "https://registry.npmjs.org/@napi-rs/simple-git-linux-arm64-musl/-/simple-git-linux-arm64-musl-0.1.19.tgz",
      "integrity": "sha512-OwTRF+H4IZYxmDFRi1IrLMfqbdIpvHeYbJl2X94NVsLVOY+3NUHvEzL3fYaVx5urBaMnIK0DD3wZLbcueWvxbA==",
      "cpu": [
        "arm64"
      ],
      "license": "MIT",
      "optional": true,
      "os": [
        "linux"
      ],
      "engines": {
        "node": ">= 10"
      }
    },
    "node_modules/@napi-rs/simple-git-linux-powerpc64le-gnu": {
      "version": "0.1.19",
      "resolved": "https://registry.npmjs.org/@napi-rs/simple-git-linux-powerpc64le-gnu/-/simple-git-linux-powerpc64le-gnu-0.1.19.tgz",
      "integrity": "sha512-p7zuNNVyzpRvkCt2RIGv9FX/WPcPbZ6/FRUgUTZkA2WU33mrbvNqSi4AOqCCl6mBvEd+EOw5NU4lS9ORRJvAEg==",
      "cpu": [
        "powerpc64le"
      ],
      "license": "MIT",
      "optional": true,
      "os": [
        "linux"
      ],
      "engines": {
        "node": ">= 10"
      }
    },
    "node_modules/@napi-rs/simple-git-linux-s390x-gnu": {
      "version": "0.1.19",
      "resolved": "https://registry.npmjs.org/@napi-rs/simple-git-linux-s390x-gnu/-/simple-git-linux-s390x-gnu-0.1.19.tgz",
      "integrity": "sha512-6N2vwJUPLiak8GLrS0a3is0gSb0UwI2CHOOqtvQxPmv+JVI8kn3vKiUscsktdDb0wGEPeZ8PvZs0y8UWix7K4g==",
      "cpu": [
        "s390x"
      ],
      "license": "MIT",
      "optional": true,
      "os": [
        "linux"
      ],
      "engines": {
        "node": ">= 10"
      }
    },
    "node_modules/@napi-rs/simple-git-linux-x64-gnu": {
      "version": "0.1.19",
      "resolved": "https://registry.npmjs.org/@napi-rs/simple-git-linux-x64-gnu/-/simple-git-linux-x64-gnu-0.1.19.tgz",
      "integrity": "sha512-61YfeO1J13WK7MalLgP3QlV6of2rWnVw1aqxWkAgy/lGxoOFSJ4Wid6ANVCEZk4tJpPX/XNeneqkUz5xpeb2Cw==",
      "cpu": [
        "x64"
      ],
      "license": "MIT",
      "optional": true,
      "os": [
        "linux"
      ],
      "engines": {
        "node": ">= 10"
      }
    },
    "node_modules/@napi-rs/simple-git-linux-x64-musl": {
      "version": "0.1.19",
      "resolved": "https://registry.npmjs.org/@napi-rs/simple-git-linux-x64-musl/-/simple-git-linux-x64-musl-0.1.19.tgz",
      "integrity": "sha512-cCTWNpMJnN3PrUBItWcs3dQKCydsIasbrS3laMzq8k7OzF93Zrp2LWDTPlLCO9brbBVpBzy2Qk5Xg9uAfe/Ukw==",
      "cpu": [
        "x64"
      ],
      "license": "MIT",
      "optional": true,
      "os": [
        "linux"
      ],
      "engines": {
        "node": ">= 10"
      }
    },
    "node_modules/@napi-rs/simple-git-win32-arm64-msvc": {
      "version": "0.1.19",
      "resolved": "https://registry.npmjs.org/@napi-rs/simple-git-win32-arm64-msvc/-/simple-git-win32-arm64-msvc-0.1.19.tgz",
      "integrity": "sha512-sWavb1BjeLKKBA+PbTsRSSzVNfb7V/dOpaJvkgR5d2kWFn/AHmCZHSSj/3nyZdYf0BdDC+DIvqk3daAEZ6QMVw==",
      "cpu": [
        "arm64"
      ],
      "license": "MIT",
      "optional": true,
      "os": [
        "win32"
      ],
      "engines": {
        "node": ">= 10"
      }
    },
    "node_modules/@napi-rs/simple-git-win32-x64-msvc": {
      "version": "0.1.19",
      "resolved": "https://registry.npmjs.org/@napi-rs/simple-git-win32-x64-msvc/-/simple-git-win32-x64-msvc-0.1.19.tgz",
      "integrity": "sha512-FmNuPoK4+qwaSCkp8lm3sJlrxk374enW+zCE5ZksXlZzj/9BDJAULJb5QUJ7o9Y8A/G+d8LkdQLPBE2Jaxe5XA==",
      "cpu": [
        "x64"
      ],
      "license": "MIT",
      "optional": true,
      "os": [
        "win32"
      ],
      "engines": {
        "node": ">= 10"
      }
    }
  }
}
